
Microsoft Visual Studio Solution File, Format Version 12.00
# Visual Studio 15
VisualStudioVersion = 15.0.26730.12
MinimumVisualStudioVersion = 10.0.40219.1
Project("{FAE04EC0-301F-11D3-BF4B-00C04F79EFBC}") = "Checkout", "Checkout\Checkout.csproj", "{D1C67BDB-D1C6-4085-9093-9BF08FC972B2}"
EndProject
Project("{FAE04EC0-301F-11D3-BF4B-00C04F79EFBC}") = "Csvtools", "Csvtools\Csvtools.csproj", "{B87A9C16-776D-47C5-BC38-8867A28007D5}"
EndProject
Global
	GlobalSection(SolutionConfigurationPlatforms) = preSolution
		Debug|Any CPU = Debug|Any CPU
		Release|Any CPU = Release|Any CPU
	EndGlobalSection
	GlobalSection(ProjectConfigurationPlatforms) = postSolution
		{D1C67BDB-D1C6-4085-9093-9BF08FC972B2}.Debug|Any CPU.ActiveCfg = Debug|Any CPU
		{D1C67BDB-D1C6-4085-9093-9BF08FC972B2}.Debug|Any CPU.Build.0 = Debug|Any CPU
		{D1C67BDB-D1C6-4085-9093-9BF08FC972B2}.Release|Any CPU.ActiveCfg = Release|Any CPU
		{D1C67BDB-D1C6-4085-9093-9BF08FC972B2}.Release|Any CPU.Build.0 = Release|Any CPU
		{B87A9C16-776D-47C5-BC38-8867A28007D5}.Debug|Any CPU.ActiveCfg = Debug|Any CPU
		{B87A9C16-776D-47C5-BC38-8867A28007D5}.Debug|Any CPU.Build.0 = Debug|Any CPU
		{B87A9C16-776D-47C5-BC38-8867A28007D5}.Release|Any CPU.ActiveCfg = Release|Any CPU
		{B87A9C16-776D-47C5-BC38-8867A28007D5}.Release|Any CPU.Build.0 = Release|Any CPU
	EndGlobalSection
	GlobalSection(SolutionProperties) = preSolution
		HideSolutionNode = FALSE
	EndGlobalSection
	GlobalSection(ExtensibilityGlobals) = postSolution
		SolutionGuid = {0C0DCE4A-D8F1-4754-953F-E7EAB26F508A}
	EndGlobalSection
EndGlobal
